
Microsoft Visual Studio Solution File, Format Version 12.00
# Visual Studio Version 17
VisualStudioVersion = 17.14.36408.4
MinimumVisualStudioVersion = 10.0.40219.1
Project("{FAE04EC0-301F-11D3-BF4B-00C04F79EFBC}") = "JinChanChanTool", "JinChanChanTool\JinChanChanTool.csproj", "{0E4D3D1B-16E7-49EB-AF59-3BC7C224D269}"
EndProject
Project("{FAE04EC0-301F-11D3-BF4B-00C04F79EFBC}") = "JinChanChanTool.Tests", "JinChanChanTool.Tests\JinChanChanTool.Tests.csproj", "{9E5DE79C-65E7-4FF9-B13D-FAF24B939F72}"
EndProject
Global
	GlobalSection(SolutionConfigurationPlatforms) = preSolution
		Debug|Any CPU = Debug|Any CPU
		Debug|x64 = Debug|x64
		Release|Any CPU = Release|Any CPU
		Release|x64 = Release|x64
	EndGlobalSection
	GlobalSection(ProjectConfigurationPlatforms) = postSolution
		{0E4D3D1B-16E7-49EB-AF59-3BC7C224D269}.Debug|Any CPU.ActiveCfg = Debug|Any CPU
		{0E4D3D1B-16E7-49EB-AF59-3BC7C224D269}.Debug|Any CPU.Build.0 = Debug|Any CPU
		{0E4D3D1B-16E7-49EB-AF59-3BC7C224D269}.Debug|x64.ActiveCfg = Debug|x64
		{0E4D3D1B-16E7-49EB-AF59-3BC7C224D269}.Debug|x64.Build.0 = Debug|x64
		{0E4D3D1B-16E7-49EB-AF59-3BC7C224D269}.Release|Any CPU.ActiveCfg = Release|Any CPU
		{0E4D3D1B-16E7-49EB-AF59-3BC7C224D269}.Release|Any CPU.Build.0 = Release|Any CPU
		{0E4D3D1B-16E7-49EB-AF59-3BC7C224D269}.Release|x64.ActiveCfg = Release|x64
		{0E4D3D1B-16E7-49EB-AF59-3BC7C224D269}.Release|x64.Build.0 = Release|x64
		{9E5DE79C-65E7-4FF9-B13D-FAF24B939F72}.Debug|Any CPU.ActiveCfg = Debug|Any CPU
		{9E5DE79C-65E7-4FF9-B13D-FAF24B939F72}.Debug|Any CPU.Build.0 = Debug|Any CPU
		{9E5DE79C-65E7-4FF9-B13D-FAF24B939F72}.Debug|x64.ActiveCfg = Debug|Any CPU
		{9E5DE79C-65E7-4FF9-B13D-FAF24B939F72}.Debug|x64.Build.0 = Debug|Any CPU
		{9E5DE79C-65E7-4FF9-B13D-FAF24B939F72}.Release|Any CPU.ActiveCfg = Release|Any CPU
		{9E5DE79C-65E7-4FF9-B13D-FAF24B939F72}.Release|Any CPU.Build.0 = Release|Any CPU
		{9E5DE79C-65E7-4FF9-B13D-FAF24B939F72}.Release|x64.ActiveCfg = Release|Any CPU
		{9E5DE79C-65E7-4FF9-B13D-FAF24B939F72}.Release|x64.Build.0 = Release|Any CPU
	EndGlobalSection
	GlobalSection(SolutionProperties) = preSolution
		HideSolutionNode = FALSE
	EndGlobalSection
	GlobalSection(ExtensibilityGlobals) = postSolution
		SolutionGuid = {F0CE879B-30D0-4643-9713-3160F77FB6C8}
	EndGlobalSection
EndGlobal
